
Microsoft Visual Studio Solution File, Format Version 12.00
# Visual Studio Version 17
VisualStudioVersion = 17.13.35825.156 d17.13
MinimumVisualStudioVersion = 10.0.40219.1
Project("{2150E333-8FDC-42A3-9474-1A3956D46DE8}") = "src", "src", "{36D591C7-65C7-A0D1-1CBC-10CDE441BDC8}"
EndProject
Project("{2150E333-8FDC-42A3-9474-1A3956D46DE8}") = "Client", "Client", "{227E5850-0C27-462B-9C4D-C2BD01B2B9B1}"
EndProject
Project("{FAE04EC0-301F-11D3-BF4B-00C04F79EFBC}") = "Portfolio.Client", "Portfolio.Client\Portfolio.Client.csproj", "{CE1304D6-D89E-4486-8849-9E6CAB3DAAA1}"
	ProjectSection(ProjectDependencies) = postProject
		{BB6DE608-F726-4D3A-8D7D-7FD56A11A355} = {BB6DE608-F726-4D3A-8D7D-7FD56A11A355}
	EndProjectSection
EndProject
Project("{2150E333-8FDC-42A3-9474-1A3956D46DE8}") = "Services", "Services", "{D1F2155C-357A-4264-A00F-04D1444E3D58}"
EndProject
Project("{FAE04EC0-301F-11D3-BF4B-00C04F79EFBC}") = "Portfolio.Services.AuthAPI", "Portfolio.Services.AuthAPI\Portfolio.Services.AuthAPI.csproj", "{5FD9E115-144D-4031-B109-4CD06404A3DC}"
	ProjectSection(ProjectDependencies) = postProject
		{A3056992-FB8F-4D26-9D54-C364F439A00C} = {A3056992-FB8F-4D26-9D54-C364F439A00C}
		{BB6DE608-F726-4D3A-8D7D-7FD56A11A355} = {BB6DE608-F726-4D3A-8D7D-7FD56A11A355}
	EndProjectSection
EndProject
Project("{FAE04EC0-301F-11D3-BF4B-00C04F79EFBC}") = "Portfolio.Services.CoreAPI", "Portfolio.Services.CoreAPI\Portfolio.Services.CoreAPI.csproj", "{524A4734-7B53-446E-907A-2AAC2B398DF3}"
	ProjectSection(ProjectDependencies) = postProject
		{A3056992-FB8F-4D26-9D54-C364F439A00C} = {A3056992-FB8F-4D26-9D54-C364F439A00C}
		{BB6DE608-F726-4D3A-8D7D-7FD56A11A355} = {BB6DE608-F726-4D3A-8D7D-7FD56A11A355}
	EndProjectSection
EndProject
Project("{2150E333-8FDC-42A3-9474-1A3956D46DE8}") = "Shared", "Shared", "{D70A4EF8-52DD-4FD9-B6B4-B970799587BE}"
EndProject
Project("{FAE04EC0-301F-11D3-BF4B-00C04F79EFBC}") = "Portfolio.Shared.Models", "Portfolio.Shared.Models\Portfolio.Shared.Models.csproj", "{BB6DE608-F726-4D3A-8D7D-7FD56A11A355}"
EndProject
Project("{FAE04EC0-301F-11D3-BF4B-00C04F79EFBC}") = "Portfolio.Shared.Infrastructure", "Portfolio.Shared.Infrastructure\Portfolio.Shared.Infrastructure.csproj", "{A3056992-FB8F-4D26-9D54-C364F439A00C}"
	ProjectSection(ProjectDependencies) = postProject
		{BB6DE608-F726-4D3A-8D7D-7FD56A11A355} = {BB6DE608-F726-4D3A-8D7D-7FD56A11A355}
	EndProjectSection
EndProject
Global
	GlobalSection(SolutionConfigurationPlatforms) = preSolution
		Debug|Any CPU = Debug|Any CPU
		Release|Any CPU = Release|Any CPU
	EndGlobalSection
	GlobalSection(ProjectConfigurationPlatforms) = postSolution
		{CE1304D6-D89E-4486-8849-9E6CAB3DAAA1}.Debug|Any CPU.ActiveCfg = Debug|Any CPU
		{CE1304D6-D89E-4486-8849-9E6CAB3DAAA1}.Debug|Any CPU.Build.0 = Debug|Any CPU
		{CE1304D6-D89E-4486-8849-9E6CAB3DAAA1}.Release|Any CPU.ActiveCfg = Release|Any CPU
		{CE1304D6-D89E-4486-8849-9E6CAB3DAAA1}.Release|Any CPU.Build.0 = Release|Any CPU
		{5FD9E115-144D-4031-B109-4CD06404A3DC}.Debug|Any CPU.ActiveCfg = Debug|Any CPU
		{5FD9E115-144D-4031-B109-4CD06404A3DC}.Debug|Any CPU.Build.0 = Debug|Any CPU
		{5FD9E115-144D-4031-B109-4CD06404A3DC}.Release|Any CPU.ActiveCfg = Release|Any CPU
		{5FD9E115-144D-4031-B109-4CD06404A3DC}.Release|Any CPU.Build.0 = Release|Any CPU
		{524A4734-7B53-446E-907A-2AAC2B398DF3}.Debug|Any CPU.ActiveCfg = Debug|Any CPU
		{524A4734-7B53-446E-907A-2AAC2B398DF3}.Debug|Any CPU.Build.0 = Debug|Any CPU
		{524A4734-7B53-446E-907A-2AAC2B398DF3}.Release|Any CPU.ActiveCfg = Release|Any CPU
		{524A4734-7B53-446E-907A-2AAC2B398DF3}.Release|Any CPU.Build.0 = Release|Any CPU
		{BB6DE608-F726-4D3A-8D7D-7FD56A11A355}.Debug|Any CPU.ActiveCfg = Debug|Any CPU
		{BB6DE608-F726-4D3A-8D7D-7FD56A11A355}.Debug|Any CPU.Build.0 = Debug|Any CPU
		{BB6DE608-F726-4D3A-8D7D-7FD56A11A355}.Release|Any CPU.ActiveCfg = Release|Any CPU
		{BB6DE608-F726-4D3A-8D7D-7FD56A11A355}.Release|Any CPU.Build.0 = Release|Any CPU
		{A3056992-FB8F-4D26-9D54-C364F439A00C}.Debug|Any CPU.ActiveCfg = Debug|Any CPU
		{A3056992-FB8F-4D26-9D54-C364F439A00C}.Debug|Any CPU.Build.0 = Debug|Any CPU
		{A3056992-FB8F-4D26-9D54-C364F439A00C}.Release|Any CPU.ActiveCfg = Release|Any CPU
		{A3056992-FB8F-4D26-9D54-C364F439A00C}.Release|Any CPU.Build.0 = Release|Any CPU
	EndGlobalSection
	GlobalSection(SolutionProperties) = preSolution
		HideSolutionNode = FALSE
	EndGlobalSection
	GlobalSection(NestedProjects) = preSolution
		{227E5850-0C27-462B-9C4D-C2BD01B2B9B1} = {36D591C7-65C7-A0D1-1CBC-10CDE441BDC8}
		{CE1304D6-D89E-4486-8849-9E6CAB3DAAA1} = {227E5850-0C27-462B-9C4D-C2BD01B2B9B1}
		{D1F2155C-357A-4264-A00F-04D1444E3D58} = {36D591C7-65C7-A0D1-1CBC-10CDE441BDC8}
		{5FD9E115-144D-4031-B109-4CD06404A3DC} = {D1F2155C-357A-4264-A00F-04D1444E3D58}
		{524A4734-7B53-446E-907A-2AAC2B398DF3} = {D1F2155C-357A-4264-A00F-04D1444E3D58}
		{D70A4EF8-52DD-4FD9-B6B4-B970799587BE} = {36D591C7-65C7-A0D1-1CBC-10CDE441BDC8}
		{BB6DE608-F726-4D3A-8D7D-7FD56A11A355} = {D70A4EF8-52DD-4FD9-B6B4-B970799587BE}
		{A3056992-FB8F-4D26-9D54-C364F439A00C} = {D70A4EF8-52DD-4FD9-B6B4-B970799587BE}
	EndGlobalSection
	GlobalSection(ExtensibilityGlobals) = postSolution
		SolutionGuid = {F4D197C0-11C6-46B5-BCEE-44B65CF54190}
	EndGlobalSection
EndGlobal
